
Microsoft Visual Studio Solution File, Format Version 12.00
# Visual Studio Version 17
VisualStudioVersion = 17.0.31903.59
MinimumVisualStudioVersion = 10.0.40219.1
Project("{FAE04EC0-301F-11D3-BF4B-00C04F79EFBC}") = "TenantService.Api", "TenantService.Api\TenantService.Api.csproj", "{6BF98E30-0DF8-4F76-BB40-624FC07D085B}"
EndProject
Project("{FAE04EC0-301F-11D3-BF4B-00C04F79EFBC}") = "TenantService.Contracts", "TenantService.Contracts\TenantService.Contracts.csproj", "{7898AAEB-27E0-49DC-B49F-BDCF900B1ED0}"
EndProject
Project("{FAE04EC0-301F-11D3-BF4B-00C04F79EFBC}") = "TenantService.Infrastructure", "TenantService.Infrastructure\TenantService.Infrastructure.csproj", "{B0EF2CE7-CE60-4FD5-8486-713ED05D03EA}"
EndProject
Project("{FAE04EC0-301F-11D3-BF4B-00C04F79EFBC}") = "TenantService.Application", "TenantService.Application\TenantService.Application.csproj", "{C1F48CFC-9C63-4DCA-8E59-EC9C64442888}"
EndProject
Project("{FAE04EC0-301F-11D3-BF4B-00C04F79EFBC}") = "TenantService.Domain", "TenantService.Domain\TenantService.Domain.csproj", "{09D3B4DE-F6A3-4DFF-AFC3-D5D16443403C}"
EndProject
Project("{FAE04EC0-301F-11D3-BF4B-00C04F79EFBC}") = "TenantService.Persistence", "TenantService.Persistence\TenantService.Persistence.csproj", "{E25BF950-7B73-4C47-9BEE-C5C90C652555}"
EndProject
Project("{FAE04EC0-301F-11D3-BF4B-00C04F79EFBC}") = "Common.Domain", "..\Common\Common.Domain\Common.Domain.csproj", "{24E1EB7E-8BF0-415A-8856-39DAA67DD493}"
EndProject
Project("{FAE04EC0-301F-11D3-BF4B-00C04F79EFBC}") = "Common.Application", "..\Common\Common.Application\Common.Application.csproj", "{0CF59431-DF28-4BA7-B9C7-7B2B50698182}"
EndProject
Project("{FAE04EC0-301F-11D3-BF4B-00C04F79EFBC}") = "Common.Infrastructure", "..\Common\Common.Infrastructure\Common.Infrastructure.csproj", "{F2718C31-824A-46B5-9DD7-D85677452191}"
EndProject
Project("{FAE04EC0-301F-11D3-BF4B-00C04F79EFBC}") = "Common.Presentation", "..\Common\Common.Presentation\Common.Presentation.csproj", "{5A3FF9E8-5BD6-479D-847D-89C0961286DA}"
EndProject
Project("{FAE04EC0-301F-11D3-BF4B-00C04F79EFBC}") = "TenantService.Tests", "TenantService.Tests\TenantService.Tests.csproj", "{507F4500-B93A-4DDF-8395-52245B50E9B1}"
EndProject
Global
	GlobalSection(SolutionConfigurationPlatforms) = preSolution
		Debug|Any CPU = Debug|Any CPU
		Release|Any CPU = Release|Any CPU
	EndGlobalSection
	GlobalSection(SolutionProperties) = preSolution
		HideSolutionNode = FALSE
	EndGlobalSection
	GlobalSection(ProjectConfigurationPlatforms) = postSolution
		{6BF98E30-0DF8-4F76-BB40-624FC07D085B}.Debug|Any CPU.ActiveCfg = Debug|Any CPU
		{6BF98E30-0DF8-4F76-BB40-624FC07D085B}.Debug|Any CPU.Build.0 = Debug|Any CPU
		{6BF98E30-0DF8-4F76-BB40-624FC07D085B}.Release|Any CPU.ActiveCfg = Release|Any CPU
		{6BF98E30-0DF8-4F76-BB40-624FC07D085B}.Release|Any CPU.Build.0 = Release|Any CPU
		{7898AAEB-27E0-49DC-B49F-BDCF900B1ED0}.Debug|Any CPU.ActiveCfg = Debug|Any CPU
		{7898AAEB-27E0-49DC-B49F-BDCF900B1ED0}.Debug|Any CPU.Build.0 = Debug|Any CPU
		{7898AAEB-27E0-49DC-B49F-BDCF900B1ED0}.Release|Any CPU.ActiveCfg = Release|Any CPU
		{7898AAEB-27E0-49DC-B49F-BDCF900B1ED0}.Release|Any CPU.Build.0 = Release|Any CPU
		{B0EF2CE7-CE60-4FD5-8486-713ED05D03EA}.Debug|Any CPU.ActiveCfg = Debug|Any CPU
		{B0EF2CE7-CE60-4FD5-8486-713ED05D03EA}.Debug|Any CPU.Build.0 = Debug|Any CPU
		{B0EF2CE7-CE60-4FD5-8486-713ED05D03EA}.Release|Any CPU.ActiveCfg = Release|Any CPU
		{B0EF2CE7-CE60-4FD5-8486-713ED05D03EA}.Release|Any CPU.Build.0 = Release|Any CPU
		{C1F48CFC-9C63-4DCA-8E59-EC9C64442888}.Debug|Any CPU.ActiveCfg = Debug|Any CPU
		{C1F48CFC-9C63-4DCA-8E59-EC9C64442888}.Debug|Any CPU.Build.0 = Debug|Any CPU
		{C1F48CFC-9C63-4DCA-8E59-EC9C64442888}.Release|Any CPU.ActiveCfg = Release|Any CPU
		{C1F48CFC-9C63-4DCA-8E59-EC9C64442888}.Release|Any CPU.Build.0 = Release|Any CPU
		{09D3B4DE-F6A3-4DFF-AFC3-D5D16443403C}.Debug|Any CPU.ActiveCfg = Debug|Any CPU
		{09D3B4DE-F6A3-4DFF-AFC3-D5D16443403C}.Debug|Any CPU.Build.0 = Debug|Any CPU
		{09D3B4DE-F6A3-4DFF-AFC3-D5D16443403C}.Release|Any CPU.ActiveCfg = Release|Any CPU
		{09D3B4DE-F6A3-4DFF-AFC3-D5D16443403C}.Release|Any CPU.Build.0 = Release|Any CPU
		{E25BF950-7B73-4C47-9BEE-C5C90C652555}.Debug|Any CPU.ActiveCfg = Debug|Any CPU
		{E25BF950-7B73-4C47-9BEE-C5C90C652555}.Debug|Any CPU.Build.0 = Debug|Any CPU
		{E25BF950-7B73-4C47-9BEE-C5C90C652555}.Release|Any CPU.ActiveCfg = Release|Any CPU
		{E25BF950-7B73-4C47-9BEE-C5C90C652555}.Release|Any CPU.Build.0 = Release|Any CPU
		{24E1EB7E-8BF0-415A-8856-39DAA67DD493}.Debug|Any CPU.ActiveCfg = Debug|Any CPU
		{24E1EB7E-8BF0-415A-8856-39DAA67DD493}.Debug|Any CPU.Build.0 = Debug|Any CPU
		{24E1EB7E-8BF0-415A-8856-39DAA67DD493}.Release|Any CPU.ActiveCfg = Release|Any CPU
		{24E1EB7E-8BF0-415A-8856-39DAA67DD493}.Release|Any CPU.Build.0 = Release|Any CPU
		{0CF59431-DF28-4BA7-B9C7-7B2B50698182}.Debug|Any CPU.ActiveCfg = Debug|Any CPU
		{0CF59431-DF28-4BA7-B9C7-7B2B50698182}.Debug|Any CPU.Build.0 = Debug|Any CPU
		{0CF59431-DF28-4BA7-B9C7-7B2B50698182}.Release|Any CPU.ActiveCfg = Release|Any CPU
		{0CF59431-DF28-4BA7-B9C7-7B2B50698182}.Release|Any CPU.Build.0 = Release|Any CPU
		{F2718C31-824A-46B5-9DD7-D85677452191}.Debug|Any CPU.ActiveCfg = Debug|Any CPU
		{F2718C31-824A-46B5-9DD7-D85677452191}.Debug|Any CPU.Build.0 = Debug|Any CPU
		{F2718C31-824A-46B5-9DD7-D85677452191}.Release|Any CPU.ActiveCfg = Release|Any CPU
		{F2718C31-824A-46B5-9DD7-D85677452191}.Release|Any CPU.Build.0 = Release|Any CPU
		{5A3FF9E8-5BD6-479D-847D-89C0961286DA}.Debug|Any CPU.ActiveCfg = Debug|Any CPU
		{5A3FF9E8-5BD6-479D-847D-89C0961286DA}.Debug|Any CPU.Build.0 = Debug|Any CPU
		{5A3FF9E8-5BD6-479D-847D-89C0961286DA}.Release|Any CPU.ActiveCfg = Release|Any CPU
		{5A3FF9E8-5BD6-479D-847D-89C0961286DA}.Release|Any CPU.Build.0 = Release|Any CPU
		{507F4500-B93A-4DDF-8395-52245B50E9B1}.Debug|Any CPU.ActiveCfg = Debug|Any CPU
		{507F4500-B93A-4DDF-8395-52245B50E9B1}.Debug|Any CPU.Build.0 = Debug|Any CPU
		{507F4500-B93A-4DDF-8395-52245B50E9B1}.Release|Any CPU.ActiveCfg = Release|Any CPU
		{507F4500-B93A-4DDF-8395-52245B50E9B1}.Release|Any CPU.Build.0 = Release|Any CPU
	EndGlobalSection
EndGlobal
