
Microsoft Visual Studio Solution File, Format Version 12.00
# Visual Studio Version 17
VisualStudioVersion = 17.0.31903.59
MinimumVisualStudioVersion = 10.0.40219.1
Project("{FAE04EC0-301F-11D3-BF4B-00C04F79EFBC}") = "Common.Domain", "Common.Domain\Common.Domain.csproj", "{24E1EB7E-8BF0-415A-8856-39DAA67DD493}"
EndProject
Project("{FAE04EC0-301F-11D3-BF4B-00C04F79EFBC}") = "Common.Infrastructure", "Common.Infrastructure\Common.Infrastructure.csproj", "{F2718C31-824A-46B5-9DD7-D85677452191}"
EndProject
Project("{FAE04EC0-301F-11D3-BF4B-00C04F79EFBC}") = "Common.Presentation", "Common.Presentation\Common.Presentation.csproj", "{5A3FF9E8-5BD6-479D-847D-89C0961286DA}"
EndProject
Project("{FAE04EC0-301F-11D3-BF4B-00C04F79EFBC}") = "Common.Application", "Common.Application\Common.Application.csproj", "{0CF59431-DF28-4BA7-B9C7-7B2B50698182}"
EndProject
Global
	GlobalSection(SolutionConfigurationPlatforms) = preSolution
		Debug|Any CPU = Debug|Any CPU
		Release|Any CPU = Release|Any CPU
	EndGlobalSection
	GlobalSection(SolutionProperties) = preSolution
		HideSolutionNode = FALSE
	EndGlobalSection
	GlobalSection(ProjectConfigurationPlatforms) = postSolution
		{24E1EB7E-8BF0-415A-8856-39DAA67DD493}.Debug|Any CPU.ActiveCfg = Debug|Any CPU
		{24E1EB7E-8BF0-415A-8856-39DAA67DD493}.Debug|Any CPU.Build.0 = Debug|Any CPU
		{24E1EB7E-8BF0-415A-8856-39DAA67DD493}.Release|Any CPU.ActiveCfg = Release|Any CPU
		{24E1EB7E-8BF0-415A-8856-39DAA67DD493}.Release|Any CPU.Build.0 = Release|Any CPU
		{F2718C31-824A-46B5-9DD7-D85677452191}.Debug|Any CPU.ActiveCfg = Debug|Any CPU
		{F2718C31-824A-46B5-9DD7-D85677452191}.Debug|Any CPU.Build.0 = Debug|Any CPU
		{F2718C31-824A-46B5-9DD7-D85677452191}.Release|Any CPU.ActiveCfg = Release|Any CPU
		{F2718C31-824A-46B5-9DD7-D85677452191}.Release|Any CPU.Build.0 = Release|Any CPU
		{5A3FF9E8-5BD6-479D-847D-89C0961286DA}.Debug|Any CPU.ActiveCfg = Debug|Any CPU
		{5A3FF9E8-5BD6-479D-847D-89C0961286DA}.Debug|Any CPU.Build.0 = Debug|Any CPU
		{5A3FF9E8-5BD6-479D-847D-89C0961286DA}.Release|Any CPU.ActiveCfg = Release|Any CPU
		{5A3FF9E8-5BD6-479D-847D-89C0961286DA}.Release|Any CPU.Build.0 = Release|Any CPU
		{0CF59431-DF28-4BA7-B9C7-7B2B50698182}.Debug|Any CPU.ActiveCfg = Debug|Any CPU
		{0CF59431-DF28-4BA7-B9C7-7B2B50698182}.Debug|Any CPU.Build.0 = Debug|Any CPU
		{0CF59431-DF28-4BA7-B9C7-7B2B50698182}.Release|Any CPU.ActiveCfg = Release|Any CPU
		{0CF59431-DF28-4BA7-B9C7-7B2B50698182}.Release|Any CPU.Build.0 = Release|Any CPU
	EndGlobalSection
EndGlobal
